
Microsoft Visual Studio Solution File, Format Version 12.00
# Visual Studio Version 16
VisualStudioVersion = 16.0.29306.81
MinimumVisualStudioVersion = 10.0.40219.1
Project("{FAE04EC0-301F-11D3-BF4B-00C04F79EFBC}") = "Demo_AutoMapperBasic", "Demo_AutoMapperBasic\Demo_AutoMapperBasic.csproj", "{33A0DA4C-8F43-4C83-B3AB-D0ADE602DB03}"
EndProject
Global
	GlobalSection(SolutionConfigurationPlatforms) = preSolution
		Debug|Any CPU = Debug|Any CPU
		Release|Any CPU = Release|Any CPU
	EndGlobalSection
	GlobalSection(ProjectConfigurationPlatforms) = postSolution
		{33A0DA4C-8F43-4C83-B3AB-D0ADE602DB03}.Debug|Any CPU.ActiveCfg = Debug|Any CPU
		{33A0DA4C-8F43-4C83-B3AB-D0ADE602DB03}.Debug|Any CPU.Build.0 = Debug|Any CPU
		{33A0DA4C-8F43-4C83-B3AB-D0ADE602DB03}.Release|Any CPU.ActiveCfg = Release|Any CPU
		{33A0DA4C-8F43-4C83-B3AB-D0ADE602DB03}.Release|Any CPU.Build.0 = Release|Any CPU
	EndGlobalSection
	GlobalSection(SolutionProperties) = preSolution
		HideSolutionNode = FALSE
	EndGlobalSection
	GlobalSection(ExtensibilityGlobals) = postSolution
		SolutionGuid = {6C370D19-6774-4947-9092-8628E2C95FC4}
	EndGlobalSection
EndGlobal
